name: Resolve yarn.lock

on:
  issue_comment:
    types: [created]

jobs:
  resolve-yarn-lock-on-comment:
    name: '/'
    if: contains(github.event.comment.body, '/resolve yarn.lock')
    uses: technology-studio/github-workflows-private/.github/workflows/_resolve-yarn-lock.yml@main
    secrets: inherit
    with:
      pr_number: ${{ github.event.issue.number }}
      repo: ${{ github.repository }}
